<?xml version="1.0" encoding="UTF-8"?>
<CodeBlocks_project_file>
	<FileVersion major="1" minor="6"/>
	<Project>
		<Option title="cpp-backend-boilerplate"/>
		<Option makefile_is_custom="1"/>
		<Option compiler="gcc"/>
		<Option virtualFolders="CMake Files\;CMake Files\..\;CMake Files\..\..\;CMake Files\..\..\..\;CMake Files\..\..\..\..\;CMake Files\..\..\..\..\usr\;CMake Files\..\..\..\..\usr\local\;CMake Files\..\..\..\..\usr\local\Cellar\;CMake Files\..\..\..\..\usr\local\Cellar\vcpkg\;CMake Files\..\..\..\..\usr\local\Cellar\vcpkg\2020.07\;CMake Files\..\..\..\..\usr\local\Cellar\vcpkg\2020.07\libexec\;CMake Files\..\..\..\..\usr\local\Cellar\vcpkg\2020.07\libexec\scripts\;CMake Files\..\..\..\..\usr\local\Cellar\vcpkg\2020.07\libexec\scripts\buildsystems\;"/>
		<Build>
			<Target title="all">
				<Option working_dir="/Users/hadmarine/develop/cpp-backend-boilerplate"/>
				<Option type="4"/>
				<MakeCommands>
					<Build command="/usr/bin/make -f &quot;/Users/hadmarine/develop/cpp-backend-boilerplate/Makefile&quot;  VERBOSE=1 all"/>
					<CompileFile command="/usr/bin/make -f &quot;/Users/hadmarine/develop/cpp-backend-boilerplate/Makefile&quot;  VERBOSE=1 &quot;$file&quot;"/>
					<Clean command="/usr/bin/make -f &quot;/Users/hadmarine/develop/cpp-backend-boilerplate/Makefile&quot;  VERBOSE=1 clean"/>
					<DistClean command="/usr/bin/make -f &quot;/Users/hadmarine/develop/cpp-backend-boilerplate/Makefile&quot;  VERBOSE=1 clean"/>
				</MakeCommands>
			</Target>
			<Target title="rebuild_cache">
				<Option working_dir="/Users/hadmarine/develop/cpp-backend-boilerplate"/>
				<Option type="4"/>
				<MakeCommands>
					<Build command="/usr/bin/make -f &quot;/Users/hadmarine/develop/cpp-backend-boilerplate/Makefile&quot;  VERBOSE=1 rebuild_cache"/>
					<CompileFile command="/usr/bin/make -f &quot;/Users/hadmarine/develop/cpp-backend-boilerplate/Makefile&quot;  VERBOSE=1 &quot;$file&quot;"/>
					<Clean command="/usr/bin/make -f &quot;/Users/hadmarine/develop/cpp-backend-boilerplate/Makefile&quot;  VERBOSE=1 clean"/>
					<DistClean command="/usr/bin/make -f &quot;/Users/hadmarine/develop/cpp-backend-boilerplate/Makefile&quot;  VERBOSE=1 clean"/>
				</MakeCommands>
			</Target>
			<Target title="edit_cache">
				<Option working_dir="/Users/hadmarine/develop/cpp-backend-boilerplate"/>
				<Option type="4"/>
				<MakeCommands>
					<Build command="/usr/bin/make -f &quot;/Users/hadmarine/develop/cpp-backend-boilerplate/Makefile&quot;  VERBOSE=1 edit_cache"/>
					<CompileFile command="/usr/bin/make -f &quot;/Users/hadmarine/develop/cpp-backend-boilerplate/Makefile&quot;  VERBOSE=1 &quot;$file&quot;"/>
					<Clean command="/usr/bin/make -f &quot;/Users/hadmarine/develop/cpp-backend-boilerplate/Makefile&quot;  VERBOSE=1 clean"/>
					<DistClean command="/usr/bin/make -f &quot;/Users/hadmarine/develop/cpp-backend-boilerplate/Makefile&quot;  VERBOSE=1 clean"/>
				</MakeCommands>
			</Target>
			<Target title="main">
				<Option output="/Users/hadmarine/develop/cpp-backend-boilerplate/main" prefix_auto="0" extension_auto="0"/>
				<Option working_dir="/Users/hadmarine/develop/cpp-backend-boilerplate"/>
				<Option object_output="./"/>
				<Option type="1"/>
				<Option compiler="gcc"/>
				<Compiler>
					<Add directory="/usr/local/var/vcpkg/installed/x64-osx/include"/>
				</Compiler>
				<MakeCommands>
					<Build command="/usr/bin/make -f &quot;/Users/hadmarine/develop/cpp-backend-boilerplate/Makefile&quot;  VERBOSE=1 main"/>
					<CompileFile command="/usr/bin/make -f &quot;/Users/hadmarine/develop/cpp-backend-boilerplate/Makefile&quot;  VERBOSE=1 &quot;$file&quot;"/>
					<Clean command="/usr/bin/make -f &quot;/Users/hadmarine/develop/cpp-backend-boilerplate/Makefile&quot;  VERBOSE=1 clean"/>
					<DistClean command="/usr/bin/make -f &quot;/Users/hadmarine/develop/cpp-backend-boilerplate/Makefile&quot;  VERBOSE=1 clean"/>
				</MakeCommands>
			</Target>
			<Target title="main/fast">
				<Option output="/Users/hadmarine/develop/cpp-backend-boilerplate/main" prefix_auto="0" extension_auto="0"/>
				<Option working_dir="/Users/hadmarine/develop/cpp-backend-boilerplate"/>
				<Option object_output="./"/>
				<Option type="1"/>
				<Option compiler="gcc"/>
				<Compiler>
					<Add directory="/usr/local/var/vcpkg/installed/x64-osx/include"/>
				</Compiler>
				<MakeCommands>
					<Build command="/usr/bin/make -f &quot;/Users/hadmarine/develop/cpp-backend-boilerplate/Makefile&quot;  VERBOSE=1 main/fast"/>
					<CompileFile command="/usr/bin/make -f &quot;/Users/hadmarine/develop/cpp-backend-boilerplate/Makefile&quot;  VERBOSE=1 &quot;$file&quot;"/>
					<Clean command="/usr/bin/make -f &quot;/Users/hadmarine/develop/cpp-backend-boilerplate/Makefile&quot;  VERBOSE=1 clean"/>
					<DistClean command="/usr/bin/make -f &quot;/Users/hadmarine/develop/cpp-backend-boilerplate/Makefile&quot;  VERBOSE=1 clean"/>
				</MakeCommands>
			</Target>
		</Build>
		<Unit filename="/Users/hadmarine/develop/cpp-backend-boilerplate/src">
			<Option target="main"/>
		</Unit>
		<Unit filename="/Users/hadmarine/develop/cpp-backend-boilerplate/src/Assets.hpp">
			<Option target="main"/>
		</Unit>
		<Unit filename="/Users/hadmarine/develop/cpp-backend-boilerplate/src/RestManager.hpp">
			<Option target="main"/>
		</Unit>
		<Unit filename="/Users/hadmarine/develop/cpp-backend-boilerplate/src/SocketManager.hpp">
			<Option target="main"/>
		</Unit>
		<Unit filename="/Users/hadmarine/develop/cpp-backend-boilerplate/src/core/rest/REST_Request.cpp">
			<Option target="main"/>
		</Unit>
		<Unit filename="/Users/hadmarine/develop/cpp-backend-boilerplate/src/core/rest/REST_Response.cpp">
			<Option target="main"/>
		</Unit>
		<Unit filename="/Users/hadmarine/develop/cpp-backend-boilerplate/src/core/rest/REST_functions.cpp">
			<Option target="main"/>
		</Unit>
		<Unit filename="/Users/hadmarine/develop/cpp-backend-boilerplate/src/core/rest/RestDirCollector.cpp">
			<Option target="main"/>
		</Unit>
		<Unit filename="/Users/hadmarine/develop/cpp-backend-boilerplate/src/core/socket/SocketCollector.cpp">
			<Option target="main"/>
		</Unit>
		<Unit filename="/Users/hadmarine/develop/cpp-backend-boilerplate/src/exec/testdir.cpp">
			<Option target="main"/>
		</Unit>
		<Unit filename="/Users/hadmarine/develop/cpp-backend-boilerplate/src/global_preferences.h">
			<Option target="main"/>
		</Unit>
		<Unit filename="/Users/hadmarine/develop/cpp-backend-boilerplate/src/http_code.hpp">
			<Option target="main"/>
		</Unit>
		<Unit filename="/Users/hadmarine/develop/cpp-backend-boilerplate/src/main.cpp">
			<Option target="main"/>
		</Unit>
		<Unit filename="/Users/hadmarine/develop/cpp-backend-boilerplate/src/restbed.hpp">
			<Option target="main"/>
		</Unit>
		<Unit filename="/Users/hadmarine/develop/cpp-backend-boilerplate/src/service_error.hpp">
			<Option target="main"/>
		</Unit>
		<Unit filename="/Users/hadmarine/develop/cpp-backend-boilerplate/src/stdafx.h">
			<Option target="main"/>
		</Unit>
		<Unit filename="/Users/hadmarine/develop/cpp-backend-boilerplate/src/targetver.h">
			<Option target="main"/>
		</Unit>
		<Unit filename="/Users/hadmarine/develop/cpp-backend-boilerplate/src/util/Assets.cpp">
			<Option target="main"/>
		</Unit>
		<Unit filename="/Users/hadmarine/develop/cpp-backend-boilerplate/src/util/CLogger.cpp">
			<Option target="main"/>
		</Unit>
		<Unit filename="/Users/hadmarine/develop/cpp-backend-boilerplate/src/util/Parser.cpp">
			<Option target="main"/>
		</Unit>
		<Unit filename="/Users/hadmarine/develop/cpp-backend-boilerplate/src/util/service_error.cpp">
			<Option target="main"/>
		</Unit>
		<Unit filename="/Users/hadmarine/develop/cpp-backend-boilerplate/CMakeLists.txt">
			<Option virtualFolder="CMake Files\"/>
		</Unit>
		<Unit filename="/Users/hadmarine/develop/cpp-backend-boilerplate/../../../../usr/local/Cellar/vcpkg/2020.07/libexec/scripts/buildsystems/vcpkg.cmake">
			<Option virtualFolder="CMake Files\..\..\..\..\usr\local\Cellar\vcpkg\2020.07\libexec\scripts\buildsystems\"/>
		</Unit>
	</Project>
</CodeBlocks_project_file>
