<?xml version="1.0" encoding="utf-8"?>
<Project ToolsVersion="4.0" xmlns="http://schemas.microsoft.com/developer/msbuild/2003">
  <ItemGroup>
    <Filter Include="src">
      <UniqueIdentifier>{4FC737F1-C7A5-4376-A066-2A32D752A2FF}</UniqueIdentifier>
      <Extensions>cpp;c;cc;cxx;c++;cppm;ixx;def;odl;idl;hpj;bat;asm;asmx</Extensions>
    </Filter>
    <Filter Include="src\settings">
      <UniqueIdentifier>{870142fe-fdaf-4dd8-8543-f12bf0fe957e}</UniqueIdentifier>
    </Filter>
    <Filter Include="src\core">
      <UniqueIdentifier>{cde53e1d-45a6-4b60-8eb6-d241cca84319}</UniqueIdentifier>
    </Filter>
    <Filter Include="src\core\rest">
      <UniqueIdentifier>{529cd38d-410c-4df6-8c1e-7bbe05ccdec5}</UniqueIdentifier>
    </Filter>
    <Filter Include="src\core\socket">
      <UniqueIdentifier>{a2daf78e-cb61-4292-b093-5c2c5bb0ffd5}</UniqueIdentifier>
    </Filter>
    <Filter Include="src\lib">
      <UniqueIdentifier>{0d660876-510c-4f2e-931b-0e80fd22f693}</UniqueIdentifier>
    </Filter>
    <Filter Include="src\exec">
      <UniqueIdentifier>{7a38d3ff-5c96-45ac-bffe-75cd9d82d2e9}</UniqueIdentifier>
    </Filter>
    <Filter Include="src\exec\rest">
      <UniqueIdentifier>{3f396678-4233-4352-9465-7a4e282d68df}</UniqueIdentifier>
    </Filter>
    <Filter Include="src\util">
      <UniqueIdentifier>{08127249-9568-4dbe-9230-384ed8acd8b7}</UniqueIdentifier>
    </Filter>
    <Filter Include="headers">
      <UniqueIdentifier>{93995380-89BD-4b04-88EB-625FBE52EBFB}</UniqueIdentifier>
      <Extensions>h;hh;hpp;hxx;h++;hm;inl;inc;ipp;xsd</Extensions>
    </Filter>
    <Filter Include="resources">
      <UniqueIdentifier>{67DA6AB6-F800-4c08-8B7A-83BB121AAD01}</UniqueIdentifier>
      <Extensions>rc;ico;cur;bmp;dlg;rc2;rct;bin;rgs;gif;jpg;jpeg;jpe;resx;tiff;tif;png;wav;mfcribbon-ms</Extensions>
    </Filter>
    <Filter Include="src\outlib">
      <UniqueIdentifier>{ba11ee60-789f-4305-abf6-a5b26e7db074}</UniqueIdentifier>
    </Filter>
    <Filter Include="src\util\CLogger">
      <UniqueIdentifier>{857a482a-d66a-4262-b90f-3e6303120274}</UniqueIdentifier>
    </Filter>
    <Filter Include="src\util\Assets">
      <UniqueIdentifier>{a92d4d38-ecf6-4bc1-91e2-3e889d3dd857}</UniqueIdentifier>
    </Filter>
    <Filter Include="src\util\Parser">
      <UniqueIdentifier>{99c41669-3f59-4e48-9638-9f7f551bc8c7}</UniqueIdentifier>
    </Filter>
    <Filter Include="src\etc">
      <UniqueIdentifier>{73763f40-fe88-489a-a5ca-2327bc3ebb75}</UniqueIdentifier>
    </Filter>
  </ItemGroup>
  <ItemGroup>
    <ClCompile Include="main.cpp">
      <Filter>src</Filter>
    </ClCompile>
    <ClCompile Include="testdir.cpp">
      <Filter>src\exec\rest</Filter>
    </ClCompile>
    <ClCompile Include="RestDirCollector.cpp">
      <Filter>src\core\rest</Filter>
    </ClCompile>
    <ClCompile Include="SocketCollector.cpp">
      <Filter>src\core\socket</Filter>
    </ClCompile>
    <ClCompile Include="REST_Request.cpp">
      <Filter>src\core\rest</Filter>
    </ClCompile>
    <ClCompile Include="REST_Response.cpp">
      <Filter>src\core\rest</Filter>
    </ClCompile>
    <ClCompile Include="REST_functions.cpp">
      <Filter>src\core\rest</Filter>
    </ClCompile>
    <ClCompile Include="CLogger.cpp">
      <Filter>src\util\CLogger</Filter>
    </ClCompile>
    <ClCompile Include="Assets.cpp">
      <Filter>src\util\Assets</Filter>
    </ClCompile>
    <ClCompile Include="Parser.cpp">
      <Filter>src\util\Parser</Filter>
    </ClCompile>
    <ClCompile Include="http_code.hpp">
      <Filter>src\core\rest</Filter>
    </ClCompile>
  </ItemGroup>
  <ItemGroup>
    <ClInclude Include="stdafx.h">
      <Filter>src\settings</Filter>
    </ClInclude>
    <ClInclude Include="targetver.h">
      <Filter>src\settings</Filter>
    </ClInclude>
    <ClInclude Include="global_preferences.h">
      <Filter>src\settings</Filter>
    </ClInclude>
    <ClInclude Include="..\..\..\..\Programming\websocketpp\websocketpp\base64\base64.hpp">
      <Filter>headers</Filter>
    </ClInclude>
    <ClInclude Include="..\..\..\..\Programming\websocketpp\websocketpp\client.hpp">
      <Filter>headers</Filter>
    </ClInclude>
    <ClInclude Include="..\..\..\..\Programming\websocketpp\websocketpp\close.hpp">
      <Filter>headers</Filter>
    </ClInclude>
    <ClInclude Include="..\..\..\..\Programming\websocketpp\websocketpp\common\asio.hpp">
      <Filter>headers</Filter>
    </ClInclude>
    <ClInclude Include="..\..\..\..\Programming\websocketpp\websocketpp\common\asio_ssl.hpp">
      <Filter>headers</Filter>
    </ClInclude>
    <ClInclude Include="..\..\..\..\Programming\websocketpp\websocketpp\common\chrono.hpp">
      <Filter>headers</Filter>
    </ClInclude>
    <ClInclude Include="..\..\..\..\Programming\websocketpp\websocketpp\common\connection_hdl.hpp">
      <Filter>headers</Filter>
    </ClInclude>
    <ClInclude Include="..\..\..\..\Programming\websocketpp\websocketpp\common\cpp11.hpp">
      <Filter>headers</Filter>
    </ClInclude>
    <ClInclude Include="..\..\..\..\Programming\websocketpp\websocketpp\common\functional.hpp">
      <Filter>headers</Filter>
    </ClInclude>
    <ClInclude Include="..\..\..\..\Programming\websocketpp\websocketpp\common\md5.hpp">
      <Filter>headers</Filter>
    </ClInclude>
    <ClInclude Include="..\..\..\..\Programming\websocketpp\websocketpp\common\memory.hpp">
      <Filter>headers</Filter>
    </ClInclude>
    <ClInclude Include="..\..\..\..\Programming\websocketpp\websocketpp\common\network.hpp">
      <Filter>headers</Filter>
    </ClInclude>
    <ClInclude Include="..\..\..\..\Programming\websocketpp\websocketpp\common\platforms.hpp">
      <Filter>headers</Filter>
    </ClInclude>
    <ClInclude Include="..\..\..\..\Programming\websocketpp\websocketpp\common\random.hpp">
      <Filter>headers</Filter>
    </ClInclude>
    <ClInclude Include="..\..\..\..\Programming\websocketpp\websocketpp\common\regex.hpp">
      <Filter>headers</Filter>
    </ClInclude>
    <ClInclude Include="..\..\..\..\Programming\websocketpp\websocketpp\common\stdint.hpp">
      <Filter>headers</Filter>
    </ClInclude>
    <ClInclude Include="..\..\..\..\Programming\websocketpp\websocketpp\common\system_error.hpp">
      <Filter>headers</Filter>
    </ClInclude>
    <ClInclude Include="..\..\..\..\Programming\websocketpp\websocketpp\common\thread.hpp">
      <Filter>headers</Filter>
    </ClInclude>
    <ClInclude Include="..\..\..\..\Programming\websocketpp\websocketpp\common\time.hpp">
      <Filter>headers</Filter>
    </ClInclude>
    <ClInclude Include="..\..\..\..\Programming\websocketpp\websocketpp\common\type_traits.hpp">
      <Filter>headers</Filter>
    </ClInclude>
    <ClInclude Include="..\..\..\..\Programming\websocketpp\websocketpp\concurrency\basic.hpp">
      <Filter>headers</Filter>
    </ClInclude>
    <ClInclude Include="..\..\..\..\Programming\websocketpp\websocketpp\concurrency\none.hpp">
      <Filter>headers</Filter>
    </ClInclude>
    <ClInclude Include="..\..\..\..\Programming\websocketpp\websocketpp\config\asio.hpp">
      <Filter>headers</Filter>
    </ClInclude>
    <ClInclude Include="..\..\..\..\Programming\websocketpp\websocketpp\config\asio_client.hpp">
      <Filter>headers</Filter>
    </ClInclude>
    <ClInclude Include="..\..\..\..\Programming\websocketpp\websocketpp\config\asio_no_tls.hpp">
      <Filter>headers</Filter>
    </ClInclude>
    <ClInclude Include="..\..\..\..\Programming\websocketpp\websocketpp\config\asio_no_tls_client.hpp">
      <Filter>headers</Filter>
    </ClInclude>
    <ClInclude Include="..\..\..\..\Programming\websocketpp\websocketpp\config\boost_config.hpp">
      <Filter>headers</Filter>
    </ClInclude>
    <ClInclude Include="..\..\..\..\Programming\websocketpp\websocketpp\config\core.hpp">
      <Filter>headers</Filter>
    </ClInclude>
    <ClInclude Include="..\..\..\..\Programming\websocketpp\websocketpp\config\core_client.hpp">
      <Filter>headers</Filter>
    </ClInclude>
    <ClInclude Include="..\..\..\..\Programming\websocketpp\websocketpp\config\debug.hpp">
      <Filter>headers</Filter>
    </ClInclude>
    <ClInclude Include="..\..\..\..\Programming\websocketpp\websocketpp\config\debug_asio.hpp">
      <Filter>headers</Filter>
    </ClInclude>
    <ClInclude Include="..\..\..\..\Programming\websocketpp\websocketpp\config\debug_asio_no_tls.hpp">
      <Filter>headers</Filter>
    </ClInclude>
    <ClInclude Include="..\..\..\..\Programming\websocketpp\websocketpp\config\minimal_client.hpp">
      <Filter>headers</Filter>
    </ClInclude>
    <ClInclude Include="..\..\..\..\Programming\websocketpp\websocketpp\config\minimal_server.hpp">
      <Filter>headers</Filter>
    </ClInclude>
    <ClInclude Include="..\..\..\..\Programming\websocketpp\websocketpp\connection.hpp">
      <Filter>headers</Filter>
    </ClInclude>
    <ClInclude Include="..\..\..\..\Programming\websocketpp\websocketpp\connection_base.hpp">
      <Filter>headers</Filter>
    </ClInclude>
    <ClInclude Include="..\..\..\..\Programming\websocketpp\websocketpp\endpoint.hpp">
      <Filter>headers</Filter>
    </ClInclude>
    <ClInclude Include="..\..\..\..\Programming\websocketpp\websocketpp\endpoint_base.hpp">
      <Filter>headers</Filter>
    </ClInclude>
    <ClInclude Include="..\..\..\..\Programming\websocketpp\websocketpp\error.hpp">
      <Filter>headers</Filter>
    </ClInclude>
    <ClInclude Include="..\..\..\..\Programming\websocketpp\websocketpp\extensions\extension.hpp">
      <Filter>headers</Filter>
    </ClInclude>
    <ClInclude Include="..\..\..\..\Programming\websocketpp\websocketpp\extensions\permessage_deflate\disabled.hpp">
      <Filter>headers</Filter>
    </ClInclude>
    <ClInclude Include="..\..\..\..\Programming\websocketpp\websocketpp\extensions\permessage_deflate\enabled.hpp">
      <Filter>headers</Filter>
    </ClInclude>
    <ClInclude Include="..\..\..\..\Programming\websocketpp\websocketpp\frame.hpp">
      <Filter>headers</Filter>
    </ClInclude>
    <ClInclude Include="..\..\..\..\Programming\websocketpp\websocketpp\http\constants.hpp">
      <Filter>headers</Filter>
    </ClInclude>
    <ClInclude Include="..\..\..\..\Programming\websocketpp\websocketpp\http\impl\parser.hpp">
      <Filter>headers</Filter>
    </ClInclude>
    <ClInclude Include="..\..\..\..\Programming\websocketpp\websocketpp\http\impl\request.hpp">
      <Filter>headers</Filter>
    </ClInclude>
    <ClInclude Include="..\..\..\..\Programming\websocketpp\websocketpp\http\impl\response.hpp">
      <Filter>headers</Filter>
    </ClInclude>
    <ClInclude Include="..\..\..\..\Programming\websocketpp\websocketpp\http\parser.hpp">
      <Filter>headers</Filter>
    </ClInclude>
    <ClInclude Include="..\..\..\..\Programming\websocketpp\websocketpp\http\request.hpp">
      <Filter>headers</Filter>
    </ClInclude>
    <ClInclude Include="..\..\..\..\Programming\websocketpp\websocketpp\http\response.hpp">
      <Filter>headers</Filter>
    </ClInclude>
    <ClInclude Include="..\..\..\..\Programming\websocketpp\websocketpp\impl\connection_impl.hpp">
      <Filter>headers</Filter>
    </ClInclude>
    <ClInclude Include="..\..\..\..\Programming\websocketpp\websocketpp\impl\endpoint_impl.hpp">
      <Filter>headers</Filter>
    </ClInclude>
    <ClInclude Include="..\..\..\..\Programming\websocketpp\websocketpp\impl\utilities_impl.hpp">
      <Filter>headers</Filter>
    </ClInclude>
    <ClInclude Include="..\..\..\..\Programming\websocketpp\websocketpp\logger\basic.hpp">
      <Filter>headers</Filter>
    </ClInclude>
    <ClInclude Include="..\..\..\..\Programming\websocketpp\websocketpp\logger\levels.hpp">
      <Filter>headers</Filter>
    </ClInclude>
    <ClInclude Include="..\..\..\..\Programming\websocketpp\websocketpp\logger\stub.hpp">
      <Filter>headers</Filter>
    </ClInclude>
    <ClInclude Include="..\..\..\..\Programming\websocketpp\websocketpp\logger\syslog.hpp">
      <Filter>headers</Filter>
    </ClInclude>
    <ClInclude Include="..\..\..\..\Programming\websocketpp\websocketpp\message_buffer\alloc.hpp">
      <Filter>headers</Filter>
    </ClInclude>
    <ClInclude Include="..\..\..\..\Programming\websocketpp\websocketpp\message_buffer\message.hpp">
      <Filter>headers</Filter>
    </ClInclude>
    <ClInclude Include="..\..\..\..\Programming\websocketpp\websocketpp\message_buffer\pool.hpp">
      <Filter>headers</Filter>
    </ClInclude>
    <ClInclude Include="..\..\..\..\Programming\websocketpp\websocketpp\processors\base.hpp">
      <Filter>headers</Filter>
    </ClInclude>
    <ClInclude Include="..\..\..\..\Programming\websocketpp\websocketpp\processors\hybi00.hpp">
      <Filter>headers</Filter>
    </ClInclude>
    <ClInclude Include="..\..\..\..\Programming\websocketpp\websocketpp\processors\hybi07.hpp">
      <Filter>headers</Filter>
    </ClInclude>
    <ClInclude Include="..\..\..\..\Programming\websocketpp\websocketpp\processors\hybi08.hpp">
      <Filter>headers</Filter>
    </ClInclude>
    <ClInclude Include="..\..\..\..\Programming\websocketpp\websocketpp\processors\hybi13.hpp">
      <Filter>headers</Filter>
    </ClInclude>
    <ClInclude Include="..\..\..\..\Programming\websocketpp\websocketpp\processors\processor.hpp">
      <Filter>headers</Filter>
    </ClInclude>
    <ClInclude Include="..\..\..\..\Programming\websocketpp\websocketpp\random\none.hpp">
      <Filter>headers</Filter>
    </ClInclude>
    <ClInclude Include="..\..\..\..\Programming\websocketpp\websocketpp\random\random_device.hpp">
      <Filter>headers</Filter>
    </ClInclude>
    <ClInclude Include="..\..\..\..\Programming\websocketpp\websocketpp\roles\client_endpoint.hpp">
      <Filter>headers</Filter>
    </ClInclude>
    <ClInclude Include="..\..\..\..\Programming\websocketpp\websocketpp\roles\server_endpoint.hpp">
      <Filter>headers</Filter>
    </ClInclude>
    <ClInclude Include="..\..\..\..\Programming\websocketpp\websocketpp\server.hpp">
      <Filter>headers</Filter>
    </ClInclude>
    <ClInclude Include="..\..\..\..\Programming\websocketpp\websocketpp\sha1\sha1.hpp">
      <Filter>headers</Filter>
    </ClInclude>
    <ClInclude Include="..\..\..\..\Programming\websocketpp\websocketpp\transport\asio\base.hpp">
      <Filter>headers</Filter>
    </ClInclude>
    <ClInclude Include="..\..\..\..\Programming\websocketpp\websocketpp\transport\asio\connection.hpp">
      <Filter>headers</Filter>
    </ClInclude>
    <ClInclude Include="..\..\..\..\Programming\websocketpp\websocketpp\transport\asio\endpoint.hpp">
      <Filter>headers</Filter>
    </ClInclude>
    <ClInclude Include="..\..\..\..\Programming\websocketpp\websocketpp\transport\asio\security\base.hpp">
      <Filter>headers</Filter>
    </ClInclude>
    <ClInclude Include="..\..\..\..\Programming\websocketpp\websocketpp\transport\asio\security\none.hpp">
      <Filter>headers</Filter>
    </ClInclude>
    <ClInclude Include="..\..\..\..\Programming\websocketpp\websocketpp\transport\asio\security\tls.hpp">
      <Filter>headers</Filter>
    </ClInclude>
    <ClInclude Include="..\..\..\..\Programming\websocketpp\websocketpp\transport\base\connection.hpp">
      <Filter>headers</Filter>
    </ClInclude>
    <ClInclude Include="..\..\..\..\Programming\websocketpp\websocketpp\transport\base\endpoint.hpp">
      <Filter>headers</Filter>
    </ClInclude>
    <ClInclude Include="..\..\..\..\Programming\websocketpp\websocketpp\transport\debug\base.hpp">
      <Filter>headers</Filter>
    </ClInclude>
    <ClInclude Include="..\..\..\..\Programming\websocketpp\websocketpp\transport\debug\connection.hpp">
      <Filter>headers</Filter>
    </ClInclude>
    <ClInclude Include="..\..\..\..\Programming\websocketpp\websocketpp\transport\debug\endpoint.hpp">
      <Filter>headers</Filter>
    </ClInclude>
    <ClInclude Include="..\..\..\..\Programming\websocketpp\websocketpp\transport\iostream\base.hpp">
      <Filter>headers</Filter>
    </ClInclude>
    <ClInclude Include="..\..\..\..\Programming\websocketpp\websocketpp\transport\iostream\connection.hpp">
      <Filter>headers</Filter>
    </ClInclude>
    <ClInclude Include="..\..\..\..\Programming\websocketpp\websocketpp\transport\iostream\endpoint.hpp">
      <Filter>headers</Filter>
    </ClInclude>
    <ClInclude Include="..\..\..\..\Programming\websocketpp\websocketpp\transport\stub\base.hpp">
      <Filter>headers</Filter>
    </ClInclude>
    <ClInclude Include="..\..\..\..\Programming\websocketpp\websocketpp\transport\stub\connection.hpp">
      <Filter>headers</Filter>
    </ClInclude>
    <ClInclude Include="..\..\..\..\Programming\websocketpp\websocketpp\transport\stub\endpoint.hpp">
      <Filter>headers</Filter>
    </ClInclude>
    <ClInclude Include="..\..\..\..\Programming\websocketpp\websocketpp\uri.hpp">
      <Filter>headers</Filter>
    </ClInclude>
    <ClInclude Include="..\..\..\..\Programming\websocketpp\websocketpp\utf8_validator.hpp">
      <Filter>headers</Filter>
    </ClInclude>
    <ClInclude Include="..\..\..\..\Programming\websocketpp\websocketpp\utilities.hpp">
      <Filter>headers</Filter>
    </ClInclude>
    <ClInclude Include="..\..\..\..\Programming\websocketpp\websocketpp\version.hpp">
      <Filter>headers</Filter>
    </ClInclude>
    <ClInclude Include="restbed.hpp">
      <Filter>src\outlib</Filter>
    </ClInclude>
    <ClInclude Include="RestManager.hpp">
      <Filter>src\core\rest</Filter>
    </ClInclude>
    <ClInclude Include="CLogger.hpp">
      <Filter>src\util\CLogger</Filter>
    </ClInclude>
    <ClInclude Include="Assets.hpp">
      <Filter>src\util\Assets</Filter>
    </ClInclude>
    <ClInclude Include="Parser.hpp">
      <Filter>src\util\Parser</Filter>
    </ClInclude>
    <ClInclude Include="SocketManager.hpp">
      <Filter>src\core\socket</Filter>
    </ClInclude>
  </ItemGroup>
  <ItemGroup>
    <Text Include="dependencies.txt">
      <Filter>src\etc</Filter>
    </Text>
    <Text Include="todo.txt">
      <Filter>src\etc</Filter>
    </Text>
  </ItemGroup>
</Project>